PODS:
  - Firebase (2.5.1)
  - JSQMessagesViewController (7.2.0):
    - JSQSystemSoundPlayer (~> 2.0.1)
  - JSQSystemSoundPlayer (2.0.1)
  - Kingfisher (2.0.4)

DEPENDENCIES:
  - Firebase
  - JSQMessagesViewController
  - Kingfisher (~> 2.0)

SPEC CHECKSUMS:
  Firebase: 3565ea88b830f28f2c77ecc524622bc71a20d085
  JSQMessagesViewController: 73cab48aa92fc2d512f3b6724f3425cc47a19eb5
  JSQSystemSoundPlayer: c5850e77a4363ffd374cd851154b9af93264ed8d
  Kingfisher: 8f1ec2c067ade2c549a1a594379b69c4b1ff81ab

COCOAPODS: 0.39.0
